<Solution>
  <Project Path="Ofs.Api/Ofs.Api.csproj" />
  <Project Path="Ofs.PluginHost/Ofs.PluginHost.csproj" />
  <Project Path="Ofs.ScriptHost/Ofs.ScriptHost.csproj" />
  <Project Path="Ofs.HostServices/Ofs.HostServices.csproj" />
  <Project Path="plugins/SamplePlugin/SamplePlugin.csproj" />
  <Project Path="plugins/Ofs.Core/Ofs.Core.csproj" />
</Solution>
